PODS:
  - Alamofire (4.2.0)
  - PocketSVG (2.0.0)

DEPENDENCIES:
  - Alamofire (~> 4.0)
  - PocketSVG

SPEC CHECKSUMS:
  Alamofire: aa2e09d871c9160ac53c90e83c68064a94e3dfbe
  PocketSVG: 5924c20ec9220fe1717087e56c3d5da27ca76863

PODFILE CHECKSUM: a2480e6a75acb91871615589f074daae3b68c327

COCOAPODS: 1.1.1
