// !$*UTF8*$!
{
	archiveVersion = 1;
	classes = {
	};
	objectVersion = 46;
	objects = {

/* Begin PBXBuildFile section */
		80773F0137BC80E18B827E36 /* Pods_PlugLife.framework in Frameworks */ = {isa = PBXBuildFile; fileRef = FBBEB0DCEC119F8FF6130847 /* Pods_PlugLife.framework */; };
		E2063FD11E2B08FC000FD741 /* CountryTableViewCell.swift in Sources */ = {isa = PBXBuildFile; fileRef = E2063FD01E2B08FC000FD741 /* CountryTableViewCell.swift */; };
		E2063FD31E2B3560000FD741 /* CountryInfoVC.swift in Sources */ = {isa = PBXBuildFile; fileRef = E2063FD21E2B3560000FD741 /* CountryInfoVC.swift */; };
		E2063FD51E2C46B4000FD741 /* CountryStatsVC.swift in Sources */ = {isa = PBXBuildFile; fileRef = E2063FD41E2C46B4000FD741 /* CountryStatsVC.swift */; };
		E2438ADB1E273E6100652EB0 /* AppDelegate.swift in Sources */ = {isa = PBXBuildFile; fileRef = E2438ADA1E273E6100652EB0 /* AppDelegate.swift */; };
		E2438ADD1E273E6100652EB0 /* ViewController.swift in Sources */ = {isa = PBXBuildFile; fileRef = E2438ADC1E273E6100652EB0 /* ViewController.swift */; };
		E2438AE01E273E6100652EB0 /* Main.storyboard in Resources */ = {isa = PBXBuildFile; fileRef = E2438ADE1E273E6100652EB0 /* Main.storyboard */; };
		E2438AE21E273E6100652EB0 /* Assets.xcassets in Resources */ = {isa = PBXBuildFile; fileRef = E2438AE11E273E6100652EB0 /* Assets.xcassets */; };
		E2438AE51E273E6100652EB0 /* LaunchScreen.storyboard in Resources */ = {isa = PBXBuildFile; fileRef = E2438AE31E273E6100652EB0 /* LaunchScreen.storyboard */; };
		E2438AF21E273F7E00652EB0 /* csv.swift in Sources */ = {isa = PBXBuildFile; fileRef = E2438AF11E273F7E00652EB0 /* csv.swift */; };
		E2438AF41E273F8300652EB0 /* Constants.swift in Sources */ = {isa = PBXBuildFile; fileRef = E2438AF31E273F8300652EB0 /* Constants.swift */; };
		E2438AF61E27421100652EB0 /* Country.swift in Sources */ = {isa = PBXBuildFile; fileRef = E2438AF51E27421100652EB0 /* Country.swift */; };
		E2438AF81E27472B00652EB0 /* CountryCell.swift in Sources */ = {isa = PBXBuildFile; fileRef = E2438AF71E27472B00652EB0 /* CountryCell.swift */; };
		E2438AFC1E2755EA00652EB0 /* CountryDetailVC.swift in Sources */ = {isa = PBXBuildFile; fileRef = E2438AFB1E2755EA00652EB0 /* CountryDetailVC.swift */; };
		E2592EF61E2C8C3E00F53D4B /* LaunchScreen.storyboard in Resources */ = {isa = PBXBuildFile; fileRef = E2592EF51E2C8C3E00F53D4B /* LaunchScreen.storyboard */; };
		E2592EF81E2C90D900F53D4B /* AnimationVC.swift in Sources */ = {isa = PBXBuildFile; fileRef = E2592EF71E2C90D900F53D4B /* AnimationVC.swift */; };
		E2A550071E29CC25001B65D1 /* country-codes.csv in Resources */ = {isa = PBXBuildFile; fileRef = E2A550061E29CC25001B65D1 /* country-codes.csv */; };
		E2A9E1FB1E29F74D00B5521C /* PopUpViewController.swift in Sources */ = {isa = PBXBuildFile; fileRef = E2A9E1FA1E29F74D00B5521C /* PopUpViewController.swift */; };
		E2B834231E2895FA0003A08D /* Plug.swift in Sources */ = {isa = PBXBuildFile; fileRef = E2B834221E2895FA0003A08D /* Plug.swift */; };
		E2E53BDB1E31D9EB00347359 /* PlugDetailVC.swift in Sources */ = {isa = PBXBuildFile; fileRef = E2E53BDA1E31D9EB00347359 /* PlugDetailVC.swift */; };
		E2E53BDD1E31E47D00347359 /* PlugDetailCell.swift in Sources */ = {isa = PBXBuildFile; fileRef = E2E53BDC1E31E47D00347359 /* PlugDetailCell.swift */; };
		E2E53BE11E34679A00347359 /* CompatibleNotesCell.swift in Sources */ = {isa = PBXBuildFile; fileRef = E2E53BE01E34679A00347359 /* CompatibleNotesCell.swift */; };
		E2E53BE31E346EA400347359 /* CompatNote.swift in Sources */ = {isa = PBXBuildFile; fileRef = E2E53BE21E346EA400347359 /* CompatNote.swift */; };
/* End PBXBuildFile section */

/* Begin PBXFileReference section */
		0195973246849CBB2D7C3419 /* Pods-PlugLife.debug.xcconfig */ = {isa = PBXFileReference; includeInIndex = 1; lastKnownFileType = text.xcconfig; name = "Pods-PlugLife.debug.xcconfig"; path = "Pods/Target Support Files/Pods-PlugLife/Pods-PlugLife.debug.xcconfig"; sourceTree = "<group>"; };
		7CD43CF1246324F6B407527C /* Pods-PlugLife.release.xcconfig */ = {isa = PBXFileReference; includeInIndex = 1; lastKnownFileType = text.xcconfig; name = "Pods-PlugLife.release.xcconfig"; path = "Pods/Target Support Files/Pods-PlugLife/Pods-PlugLife.release.xcconfig"; sourceTree = "<group>"; };
		E2063FD01E2B08FC000FD741 /* CountryTableViewCell.swift */ = {isa = PBXFileReference; fileEncoding = 4; lastKnownFileType = sourcecode.swift; path = CountryTableViewCell.swift; sourceTree = "<group>"; };
		E2063FD21E2B3560000FD741 /* CountryInfoVC.swift */ = {isa = PBXFileReference; fileEncoding = 4; lastKnownFileType = sourcecode.swift; path = CountryInfoVC.swift; sourceTree = "<group>"; };
		E2063FD41E2C46B4000FD741 /* CountryStatsVC.swift */ = {isa = PBXFileReference; fileEncoding = 4; lastKnownFileType = sourcecode.swift; path = CountryStatsVC.swift; sourceTree = "<group>"; };
		E2438AD71E273E6100652EB0 /* PlugLife.app */ = {isa = PBXFileReference; explicitFileType = wrapper.application; includeInIndex = 0; path = PlugLife.app; sourceTree = BUILT_PRODUCTS_DIR; };
		E2438ADA1E273E6100652EB0 /* AppDelegate.swift */ = {isa = PBXFileReference; lastKnownFileType = sourcecode.swift; path = AppDelegate.swift; sourceTree = "<group>"; };
		E2438ADC1E273E6100652EB0 /* ViewController.swift */ = {isa = PBXFileReference; lastKnownFileType = sourcecode.swift; path = ViewController.swift; sourceTree = "<group>"; };
		E2438ADF1E273E6100652EB0 /* Base */ = {isa = PBXFileReference; lastKnownFileType = file.storyboard; name = Base; path = Base.lproj/Main.storyboard; sourceTree = "<group>"; };
		E2438AE11E273E6100652EB0 /* Assets.xcassets */ = {isa = PBXFileReference; lastKnownFileType = folder.assetcatalog; path = Assets.xcassets; sourceTree = "<group>"; };
		E2438AE41E273E6100652EB0 /* Base */ = {isa = PBXFileReference; lastKnownFileType = file.storyboard; name = Base; path = Base.lproj/LaunchScreen.storyboard; sourceTree = "<group>"; };
		E2438AE61E273E6100652EB0 /* Info.plist */ = {isa = PBXFileReference; lastKnownFileType = text.plist.xml; path = Info.plist; sourceTree = "<group>"; };
		E2438AF11E273F7E00652EB0 /* csv.swift */ = {isa = PBXFileReference; fileEncoding = 4; lastKnownFileType = sourcecode.swift; path = csv.swift; sourceTree = "<group>"; };
		E2438AF31E273F8300652EB0 /* Constants.swift */ = {isa = PBXFileReference; fileEncoding = 4; lastKnownFileType = sourcecode.swift; path = Constants.swift; sourceTree = "<group>"; };
		E2438AF51E27421100652EB0 /* Country.swift */ = {isa = PBXFileReference; fileEncoding = 4; lastKnownFileType = sourcecode.swift; path = Country.swift; sourceTree = "<group>"; };
		E2438AF71E27472B00652EB0 /* CountryCell.swift */ = {isa = PBXFileReference; fileEncoding = 4; lastKnownFileType = sourcecode.swift; path = CountryCell.swift; sourceTree = "<group>"; };
		E2438AFB1E2755EA00652EB0 /* CountryDetailVC.swift */ = {isa = PBXFileReference; fileEncoding = 4; lastKnownFileType = sourcecode.swift; path = CountryDetailVC.swift; sourceTree = "<group>"; };
		E2592EF51E2C8C3E00F53D4B /* LaunchScreen.storyboard */ = {isa = PBXFileReference; fileEncoding = 4; lastKnownFileType = file.storyboard; path = LaunchScreen.storyboard; sourceTree = "<group>"; };
		E2592EF71E2C90D900F53D4B /* AnimationVC.swift */ = {isa = PBXFileReference; fileEncoding = 4; lastKnownFileType = sourcecode.swift; path = AnimationVC.swift; sourceTree = "<group>"; };
		E2A550061E29CC25001B65D1 /* country-codes.csv */ = {isa = PBXFileReference; fileEncoding = 4; lastKnownFileType = text; path = "country-codes.csv"; sourceTree = "<group>"; };
		E2A9E1FA1E29F74D00B5521C /* PopUpViewController.swift */ = {isa = PBXFileReference; fileEncoding = 4; lastKnownFileType = sourcecode.swift; path = PopUpViewController.swift; sourceTree = "<group>"; };
		E2B834221E2895FA0003A08D /* Plug.swift */ = {isa = PBXFileReference; fileEncoding = 4; lastKnownFileType = sourcecode.swift; path = Plug.swift; sourceTree = "<group>"; };
		E2E53BDA1E31D9EB00347359 /* PlugDetailVC.swift */ = {isa = PBXFileReference; fileEncoding = 4; lastKnownFileType = sourcecode.swift; path = PlugDetailVC.swift; sourceTree = "<group>"; };
		E2E53BDC1E31E47D00347359 /* PlugDetailCell.swift */ = {isa = PBXFileReference; fileEncoding = 4; lastKnownFileType = sourcecode.swift; path = PlugDetailCell.swift; sourceTree = "<group>"; };
		E2E53BE01E34679A00347359 /* CompatibleNotesCell.swift */ = {isa = PBXFileReference; fileEncoding = 4; lastKnownFileType = sourcecode.swift; path = CompatibleNotesCell.swift; sourceTree = "<group>"; };
		E2E53BE21E346EA400347359 /* CompatNote.swift */ = {isa = PBXFileReference; fileEncoding = 4; lastKnownFileType = sourcecode.swift; path = CompatNote.swift; sourceTree = "<group>"; };
		FBBEB0DCEC119F8FF6130847 /* Pods_PlugLife.framework */ = {isa = PBXFileReference; explicitFileType = wrapper.framework; includeInIndex = 0; path = Pods_PlugLife.framework; sourceTree = BUILT_PRODUCTS_DIR; };
/* End PBXFileReference section */

/* Begin PBXFrameworksBuildPhase section */
		E2438AD41E273E6100652EB0 /* Frameworks */ = {
			isa = PBXFrameworksBuildPhase;
			buildActionMask = 2147483647;
			files = (
				80773F0137BC80E18B827E36 /* Pods_PlugLife.framework in Frameworks */,
			);
			runOnlyForDeploymentPostprocessing = 0;
		};
/* End PBXFrameworksBuildPhase section */

/* Begin PBXGroup section */
		DB8D79AC9CF88AC29851C7DC /* Frameworks */ = {
			isa = PBXGroup;
			children = (
				FBBEB0DCEC119F8FF6130847 /* Pods_PlugLife.framework */,
			);
			name = Frameworks;
			sourceTree = "<group>";
		};
		E2438ACE1E273E6100652EB0 = {
			isa = PBXGroup;
			children = (
				E2438AD91E273E6100652EB0 /* PlugLife */,
				E2438AD81E273E6100652EB0 /* Products */,
				EA1CE8ED762F02499A36209E /* Pods */,
				DB8D79AC9CF88AC29851C7DC /* Frameworks */,
			);
			sourceTree = "<group>";
		};
		E2438AD81E273E6100652EB0 /* Products */ = {
			isa = PBXGroup;
			children = (
				E2438AD71E273E6100652EB0 /* PlugLife.app */,
			);
			name = Products;
			sourceTree = "<group>";
		};
		E2438AD91E273E6100652EB0 /* PlugLife */ = {
			isa = PBXGroup;
			children = (
				E2438AF01E273F6100652EB0 /* Resources */,
				E2438AEF1E273F5600652EB0 /* Controller */,
				E2438AEE1E273F5000652EB0 /* View */,
				E2438AED1E273F4B00652EB0 /* Model */,
				E2438AEC1E273F4600652EB0 /* Util */,
				E2438ADA1E273E6100652EB0 /* AppDelegate.swift */,
				E2592EF51E2C8C3E00F53D4B /* LaunchScreen.storyboard */,
				E2438ADE1E273E6100652EB0 /* Main.storyboard */,
				E2438AE11E273E6100652EB0 /* Assets.xcassets */,
				E2438AE31E273E6100652EB0 /* LaunchScreen.storyboard */,
				E2438AE61E273E6100652EB0 /* Info.plist */,
			);
			path = PlugLife;
			sourceTree = "<group>";
		};
		E2438AEC1E273F4600652EB0 /* Util */ = {
			isa = PBXGroup;
			children = (
				E2438AF11E273F7E00652EB0 /* csv.swift */,
				E2438AF31E273F8300652EB0 /* Constants.swift */,
			);
			name = Util;
			sourceTree = "<group>";
		};
		E2438AED1E273F4B00652EB0 /* Model */ = {
			isa = PBXGroup;
			children = (
				E2438AF51E27421100652EB0 /* Country.swift */,
				E2B834221E2895FA0003A08D /* Plug.swift */,
				E2E53BE21E346EA400347359 /* CompatNote.swift */,
			);
			name = Model;
			sourceTree = "<group>";
		};
		E2438AEE1E273F5000652EB0 /* View */ = {
			isa = PBXGroup;
			children = (
				E2438AF71E27472B00652EB0 /* CountryCell.swift */,
				E2063FD01E2B08FC000FD741 /* CountryTableViewCell.swift */,
				E2E53BDC1E31E47D00347359 /* PlugDetailCell.swift */,
				E2E53BE01E34679A00347359 /* CompatibleNotesCell.swift */,
			);
			name = View;
			sourceTree = "<group>";
		};
		E2438AEF1E273F5600652EB0 /* Controller */ = {
			isa = PBXGroup;
			children = (
				E2438AFB1E2755EA00652EB0 /* CountryDetailVC.swift */,
				E2438ADC1E273E6100652EB0 /* ViewController.swift */,
				E2A9E1FA1E29F74D00B5521C /* PopUpViewController.swift */,
				E2063FD21E2B3560000FD741 /* CountryInfoVC.swift */,
				E2063FD41E2C46B4000FD741 /* CountryStatsVC.swift */,
				E2592EF71E2C90D900F53D4B /* AnimationVC.swift */,
				E2E53BDA1E31D9EB00347359 /* PlugDetailVC.swift */,
			);
			name = Controller;
			sourceTree = "<group>";
		};
		E2438AF01E273F6100652EB0 /* Resources */ = {
			isa = PBXGroup;
			children = (
				E2A550061E29CC25001B65D1 /* country-codes.csv */,
			);
			name = Resources;
			sourceTree = "<group>";
		};
		EA1CE8ED762F02499A36209E /* Pods */ = {
			isa = PBXGroup;
			children = (
				0195973246849CBB2D7C3419 /* Pods-PlugLife.debug.xcconfig */,
				7CD43CF1246324F6B407527C /* Pods-PlugLife.release.xcconfig */,
			);
			name = Pods;
			sourceTree = "<group>";
		};
/* End PBXGroup section */

/* Begin PBXNativeTarget section */
		E2438AD61E273E6100652EB0 /* PlugLife */ = {
			isa = PBXNativeTarget;
			buildConfigurationList = E2438AE91E273E6100652EB0 /* Build configuration list for PBXNativeTarget "PlugLife" */;
			buildPhases = (
				482AE9184968D0C95DF78A18 /* [CP] Check Pods Manifest.lock */,
				E2438AD31E273E6100652EB0 /* Sources */,
				E2438AD41E273E6100652EB0 /* Frameworks */,
				E2438AD51E273E6100652EB0 /* Resources */,
				99C4245743886803D29A0580 /* [CP] Embed Pods Frameworks */,
				3754C5CA2B0C8B727E78173B /* [CP] Copy Pods Resources */,
			);
			buildRules = (
			);
			dependencies = (
			);
			name = PlugLife;
			productName = PlugLife;
			productReference = E2438AD71E273E6100652EB0 /* PlugLife.app */;
			productType = "com.apple.product-type.application";
		};
/* End PBXNativeTarget section */

/* Begin PBXProject section */
		E2438ACF1E273E6100652EB0 /* Project object */ = {
			isa = PBXProject;
			attributes = {
				LastSwiftUpdateCheck = 0820;
				LastUpgradeCheck = 0820;
				ORGANIZATIONNAME = "Adam McRae";
				TargetAttributes = {
					E2438AD61E273E6100652EB0 = {
						CreatedOnToolsVersion = 8.2.1;
						DevelopmentTeam = WB8FM48Z8U;
						LastSwiftMigration = 0820;
						ProvisioningStyle = Automatic;
					};
				};
			};
			buildConfigurationList = E2438AD21E273E6100652EB0 /* Build configuration list for PBXProject "PlugLife" */;
			compatibilityVersion = "Xcode 3.2";
			developmentRegion = English;
			hasScannedForEncodings = 0;
			knownRegions = (
				en,
				Base,
			);
			mainGroup = E2438ACE1E273E6100652EB0;
			productRefGroup = E2438AD81E273E6100652EB0 /* Products */;
			projectDirPath = "";
			projectRoot = "";
			targets = (
				E2438AD61E273E6100652EB0 /* PlugLife */,
			);
		};
/* End PBXProject section */

/* Begin PBXResourcesBuildPhase section */
		E2438AD51E273E6100652EB0 /* Resources */ = {
			isa = PBXResourcesBuildPhase;
			buildActionMask = 2147483647;
			files = (
				E2438AE51E273E6100652EB0 /* LaunchScreen.storyboard in Resources */,
				E2438AE21E273E6100652EB0 /* Assets.xcassets in Resources */,
				E2A550071E29CC25001B65D1 /* country-codes.csv in Resources */,
				E2592EF61E2C8C3E00F53D4B /* LaunchScreen.storyboard in Resources */,
				E2438AE01E273E6100652EB0 /* Main.storyboard in Resources */,
			);
			runOnlyForDeploymentPostprocessing = 0;
		};
/* End PBXResourcesBuildPhase section */

/* Begin PBXShellScriptBuildPhase section */
		3754C5CA2B0C8B727E78173B /* [CP] Copy Pods Resources */ = {
			isa = PBXShellScriptBuildPhase;
			buildActionMask = 2147483647;
			files = (
			);
			inputPaths = (
			);
			name = "[CP] Copy Pods Resources";
			outputPaths = (
			);
			runOnlyForDeploymentPostprocessing = 0;
			shellPath = /bin/sh;
			shellScript = "\"${SRCROOT}/Pods/Target Support Files/Pods-PlugLife/Pods-PlugLife-resources.sh\"\n";
			showEnvVarsInLog = 0;
		};
		482AE9184968D0C95DF78A18 /* [CP] Check Pods Manifest.lock */ = {
			isa = PBXShellScriptBuildPhase;
			buildActionMask = 2147483647;
			files = (
			);
			inputPaths = (
			);
			name = "[CP] Check Pods Manifest.lock";
			outputPaths = (
			);
			runOnlyForDeploymentPostprocessing = 0;
			shellPath = /bin/sh;
			shellScript = "diff \"${PODS_ROOT}/../Podfile.lock\" \"${PODS_ROOT}/Manifest.lock\" > /dev/null\nif [ $? != 0 ] ; then\n    # print error to STDERR\n    echo \"error: The sandbox is not in sync with the Podfile.lock. Run 'pod install' or update your CocoaPods installation.\" >&2\n    exit 1\nfi\n";
			showEnvVarsInLog = 0;
		};
		99C4245743886803D29A0580 /* [CP] Embed Pods Frameworks */ = {
			isa = PBXShellScriptBuildPhase;
			buildActionMask = 2147483647;
			files = (
			);
			inputPaths = (
			);
			name = "[CP] Embed Pods Frameworks";
			outputPaths = (
			);
			runOnlyForDeploymentPostprocessing = 0;
			shellPath = /bin/sh;
			shellScript = "\"${SRCROOT}/Pods/Target Support Files/Pods-PlugLife/Pods-PlugLife-frameworks.sh\"\n";
			showEnvVarsInLog = 0;
		};
/* End PBXShellScriptBuildPhase section */

/* Begin PBXSourcesBuildPhase section */
		E2438AD31E273E6100652EB0 /* Sources */ = {
			isa = PBXSourcesBuildPhase;
			buildActionMask = 2147483647;
			files = (
				E2E53BDB1E31D9EB00347359 /* PlugDetailVC.swift in Sources */,
				E2438AF21E273F7E00652EB0 /* csv.swift in Sources */,
				E2438AFC1E2755EA00652EB0 /* CountryDetailVC.swift in Sources */,
				E2438ADD1E273E6100652EB0 /* ViewController.swift in Sources */,
				E2063FD51E2C46B4000FD741 /* CountryStatsVC.swift in Sources */,
				E2E53BE11E34679A00347359 /* CompatibleNotesCell.swift in Sources */,
				E2438AF81E27472B00652EB0 /* CountryCell.swift in Sources */,
				E2063FD11E2B08FC000FD741 /* CountryTableViewCell.swift in Sources */,
				E2438ADB1E273E6100652EB0 /* AppDelegate.swift in Sources */,
				E2438AF61E27421100652EB0 /* Country.swift in Sources */,
				E2B834231E2895FA0003A08D /* Plug.swift in Sources */,
				E2E53BDD1E31E47D00347359 /* PlugDetailCell.swift in Sources */,
				E2E53BE31E346EA400347359 /* CompatNote.swift in Sources */,
				E2A9E1FB1E29F74D00B5521C /* PopUpViewController.swift in Sources */,
				E2592EF81E2C90D900F53D4B /* AnimationVC.swift in Sources */,
				E2438AF41E273F8300652EB0 /* Constants.swift in Sources */,
				E2063FD31E2B3560000FD741 /* CountryInfoVC.swift in Sources */,
			);
			runOnlyForDeploymentPostprocessing = 0;
		};
/* End PBXSourcesBuildPhase section */

/* Begin PBXVariantGroup section */
		E2438ADE1E273E6100652EB0 /* Main.storyboard */ = {
			isa = PBXVariantGroup;
			children = (
				E2438ADF1E273E6100652EB0 /* Base */,
			);
			name = Main.storyboard;
			sourceTree = "<group>";
		};
		E2438AE31E273E6100652EB0 /* LaunchScreen.storyboard */ = {
			isa = PBXVariantGroup;
			children = (
				E2438AE41E273E6100652EB0 /* Base */,
			);
			name = LaunchScreen.storyboard;
			sourceTree = "<group>";
		};
/* End PBXVariantGroup section */

/* Begin XCBuildConfiguration section */
		E2438AE71E273E6100652EB0 /* Debug */ = {
			isa = XCBuildConfiguration;
			buildSettings = {
				ALWAYS_SEARCH_USER_PATHS = NO;
				CLANG_ANALYZER_NONNULL = YES;
				CLANG_CXX_LANGUAGE_STANDARD = "gnu++0x";
				CLANG_CXX_LIBRARY = "libc++";
				CLANG_ENABLE_MODULES = YES;
				CLANG_ENABLE_OBJC_ARC = YES;
				CLANG_WARN_BOOL_CONVERSION = YES;
				CLANG_WARN_CONSTANT_CONVERSION = YES;
				CLANG_WARN_DIRECT_OBJC_ISA_USAGE = YES_ERROR;
				CLANG_WARN_DOCUMENTATION_COMMENTS = YES;
				CLANG_WARN_EMPTY_BODY = YES;
				CLANG_WARN_ENUM_CONVERSION = YES;
				CLANG_WARN_INFINITE_RECURSION = YES;
				CLANG_WARN_INT_CONVERSION = YES;
				CLANG_WARN_OBJC_ROOT_CLASS = YES_ERROR;
				CLANG_WARN_SUSPICIOUS_MOVE = YES;
				CLANG_WARN_UNREACHABLE_CODE = YES;
				CLANG_WARN__DUPLICATE_METHOD_MATCH = YES;
				"CODE_SIGN_IDENTITY[sdk=iphoneos*]" = "iPhone Developer";
				COPY_PHASE_STRIP = NO;
				DEBUG_INFORMATION_FORMAT = dwarf;
				ENABLE_STRICT_OBJC_MSGSEND = YES;
				ENABLE_TESTABILITY = YES;
				GCC_C_LANGUAGE_STANDARD = gnu99;
				GCC_DYNAMIC_NO_PIC = NO;
				GCC_NO_COMMON_BLOCKS = YES;
				GCC_OPTIMIZATION_LEVEL = 0;
				GCC_PREPROCESSOR_DEFINITIONS = (
					"DEBUG=1",
					"$(inherited)",
				);
				GCC_WARN_64_TO_32_BIT_CONVERSION = YES;
				GCC_WARN_ABOUT_RETURN_TYPE = YES_ERROR;
				GCC_WARN_UNDECLARED_SELECTOR = YES;
				GCC_WARN_UNINITIALIZED_AUTOS = YES_AGGRESSIVE;
				GCC_WARN_UNUSED_FUNCTION = YES;
				GCC_WARN_UNUSED_VARIABLE = YES;
				IPHONEOS_DEPLOYMENT_TARGET = 10.2;
				MTL_ENABLE_DEBUG_INFO = YES;
				ONLY_ACTIVE_ARCH = YES;
				SDKROOT = iphoneos;
				SWIFT_ACTIVE_COMPILATION_CONDITIONS = DEBUG;
				SWIFT_OPTIMIZATION_LEVEL = "-Onone";
				TARGETED_DEVICE_FAMILY = "1,2";
			};
			name = Debug;
		};
		E2438AE81E273E6100652EB0 /* Release */ = {
			isa = XCBuildConfiguration;
			buildSettings = {
				ALWAYS_SEARCH_USER_PATHS = NO;
				CLANG_ANALYZER_NONNULL = YES;
				CLANG_CXX_LANGUAGE_STANDARD = "gnu++0x";
				CLANG_CXX_LIBRARY = "libc++";
				CLANG_ENABLE_MODULES = YES;
				CLANG_ENABLE_OBJC_ARC = YES;
				CLANG_WARN_BOOL_CONVERSION = YES;
				CLANG_WARN_CONSTANT_CONVERSION = YES;
				CLANG_WARN_DIRECT_OBJC_ISA_USAGE = YES_ERROR;
				CLANG_WARN_DOCUMENTATION_COMMENTS = YES;
				CLANG_WARN_EMPTY_BODY = YES;
				CLANG_WARN_ENUM_CONVERSION = YES;
				CLANG_WARN_INFINITE_RECURSION = YES;
				CLANG_WARN_INT_CONVERSION = YES;
				CLANG_WARN_OBJC_ROOT_CLASS = YES_ERROR;
				CLANG_WARN_SUSPICIOUS_MOVE = YES;
				CLANG_WARN_UNREACHABLE_CODE = YES;
				CLANG_WARN__DUPLICATE_METHOD_MATCH = YES;
				"CODE_SIGN_IDENTITY[sdk=iphoneos*]" = "iPhone Developer";
				COPY_PHASE_STRIP = NO;
				DEBUG_INFORMATION_FORMAT = "dwarf-with-dsym";
				ENABLE_NS_ASSERTIONS = NO;
				ENABLE_STRICT_OBJC_MSGSEND = YES;
				GCC_C_LANGUAGE_STANDARD = gnu99;
				GCC_NO_COMMON_BLOCKS = YES;
				GCC_WARN_64_TO_32_BIT_CONVERSION = YES;
				GCC_WARN_ABOUT_RETURN_TYPE = YES_ERROR;
				GCC_WARN_UNDECLARED_SELECTOR = YES;
				GCC_WARN_UNINITIALIZED_AUTOS = YES_AGGRESSIVE;
				GCC_WARN_UNUSED_FUNCTION = YES;
				GCC_WARN_UNUSED_VARIABLE = YES;
				IPHONEOS_DEPLOYMENT_TARGET = 10.2;
				MTL_ENABLE_DEBUG_INFO = NO;
				SDKROOT = iphoneos;
				SWIFT_OPTIMIZATION_LEVEL = "-Owholemodule";
				TARGETED_DEVICE_FAMILY = "1,2";
				VALIDATE_PRODUCT = YES;
			};
			name = Release;
		};
		E2438AEA1E273E6100652EB0 /* Debug */ = {
			isa = XCBuildConfiguration;
			baseConfigurationReference = 0195973246849CBB2D7C3419 /* Pods-PlugLife.debug.xcconfig */;
			buildSettings = {
				ALWAYS_EMBED_SWIFT_STANDARD_LIBRARIES = NO;
				ASSETCATALOG_COMPILER_APPICON_NAME = AppIcon;
				DEVELOPMENT_TEAM = WB8FM48Z8U;
				INFOPLIST_FILE = PlugLife/Info.plist;
				IPHONEOS_DEPLOYMENT_TARGET = 9.0;
				LD_RUNPATH_SEARCH_PATHS = "$(inherited) @executable_path/Frameworks";
				PRODUCT_BUNDLE_IDENTIFIER = com.polarvolcano.plug;
				PRODUCT_NAME = "$(TARGET_NAME)";
				SWIFT_VERSION = 3.0;
			};
			name = Debug;
		};
		E2438AEB1E273E6100652EB0 /* Release */ = {
			isa = XCBuildConfiguration;
			baseConfigurationReference = 7CD43CF1246324F6B407527C /* Pods-PlugLife.release.xcconfig */;
			buildSettings = {
				ALWAYS_EMBED_SWIFT_STANDARD_LIBRARIES = NO;
				ASSETCATALOG_COMPILER_APPICON_NAME = AppIcon;
				DEVELOPMENT_TEAM = WB8FM48Z8U;
				INFOPLIST_FILE = PlugLife/Info.plist;
				IPHONEOS_DEPLOYMENT_TARGET = 9.0;
				LD_RUNPATH_SEARCH_PATHS = "$(inherited) @executable_path/Frameworks";
				PRODUCT_BUNDLE_IDENTIFIER = com.polarvolcano.plug;
				PRODUCT_NAME = "$(TARGET_NAME)";
				SWIFT_VERSION = 3.0;
			};
			name = Release;
		};
/* End XCBuildConfiguration section */

/* Begin XCConfigurationList section */
		E2438AD21E273E6100652EB0 /* Build configuration list for PBXProject "PlugLife" */ = {
			isa = XCConfigurationList;
			buildConfigurations = (
				E2438AE71E273E6100652EB0 /* Debug */,
				E2438AE81E273E6100652EB0 /* Release */,
			);
			defaultConfigurationIsVisible = 0;
			defaultConfigurationName = Release;
		};
		E2438AE91E273E6100652EB0 /* Build configuration list for PBXNativeTarget "PlugLife" */ = {
			isa = XCConfigurationList;
			buildConfigurations = (
				E2438AEA1E273E6100652EB0 /* Debug */,
				E2438AEB1E273E6100652EB0 /* Release */,
			);
			defaultConfigurationIsVisible = 0;
			defaultConfigurationName = Release;
		};
/* End XCConfigurationList section */
	};
	rootObject = E2438ACF1E273E6100652EB0 /* Project object */;
}
